
Microsoft Visual Studio Solution File, Format Version 12.00
# Visual Studio 15
VisualStudioVersion = 15.0.27130.2020
MinimumVisualStudioVersion = 10.0.40219.1
Project("{FAE04EC0-301F-11D3-BF4B-00C04F79EFBC}") = "RestClientForm", "RestClientForm\RestClientForm.csproj", "{DC1C9658-196B-4396-8AAC-E866E1C2EB52}"
EndProject
Global
	GlobalSection(SolutionConfigurationPlatforms) = preSolution
		Debug|Any CPU = Debug|Any CPU
		Release|Any CPU = Release|Any CPU
	EndGlobalSection
	GlobalSection(ProjectConfigurationPlatforms) = postSolution
		{DC1C9658-196B-4396-8AAC-E866E1C2EB52}.Debug|Any CPU.ActiveCfg = Debug|Any CPU
		{DC1C9658-196B-4396-8AAC-E866E1C2EB52}.Debug|Any CPU.Build.0 = Debug|Any CPU
		{DC1C9658-196B-4396-8AAC-E866E1C2EB52}.Release|Any CPU.ActiveCfg = Release|Any CPU
		{DC1C9658-196B-4396-8AAC-E866E1C2EB52}.Release|Any CPU.Build.0 = Release|Any CPU
	EndGlobalSection
	GlobalSection(SolutionProperties) = preSolution
		HideSolutionNode = FALSE
	EndGlobalSection
	GlobalSection(ExtensibilityGlobals) = postSolution
		SolutionGuid = {424B48DB-9C6C-453E-B66A-C1F3674DB92A}
	EndGlobalSection
EndGlobal
